
Microsoft Visual Studio Solution File, Format Version 12.00
# Visual Studio Version 17
VisualStudioVersion = 17.8.34330.188
MinimumVisualStudioVersion = 10.0.40219.1
Project("{9A19103F-16F7-4668-BE54-9A1E7A4F7556}") = "FigureAreaLib", "FigureAreaLib\FigureAreaLib.csproj", "{2C22E003-6B01-46F5-BDBF-E93F58999E80}"
EndProject
Project("{9A19103F-16F7-4668-BE54-9A1E7A4F7556}") = "ConsoleApp", "ConsoleApp\ConsoleApp.csproj", "{5607114E-D66A-4680-A70A-FD134D256B9B}"
EndProject
Project("{FAE04EC0-301F-11D3-BF4B-00C04F79EFBC}") = "FigureAreaLib.UnitTests", "FigureAreaLib.UnitTests\FigureAreaLib.UnitTests.csproj", "{61CBB0B8-B3BD-49AD-9882-700158FECED2}"
EndProject
Global
	GlobalSection(SolutionConfigurationPlatforms) = preSolution
		Debug|Any CPU = Debug|Any CPU
		Release|Any CPU = Release|Any CPU
	EndGlobalSection
	GlobalSection(ProjectConfigurationPlatforms) = postSolution
		{2C22E003-6B01-46F5-BDBF-E93F58999E80}.Debug|Any CPU.ActiveCfg = Debug|Any CPU
		{2C22E003-6B01-46F5-BDBF-E93F58999E80}.Debug|Any CPU.Build.0 = Debug|Any CPU
		{2C22E003-6B01-46F5-BDBF-E93F58999E80}.Release|Any CPU.ActiveCfg = Release|Any CPU
		{2C22E003-6B01-46F5-BDBF-E93F58999E80}.Release|Any CPU.Build.0 = Release|Any CPU
		{5607114E-D66A-4680-A70A-FD134D256B9B}.Debug|Any CPU.ActiveCfg = Debug|Any CPU
		{5607114E-D66A-4680-A70A-FD134D256B9B}.Debug|Any CPU.Build.0 = Debug|Any CPU
		{5607114E-D66A-4680-A70A-FD134D256B9B}.Release|Any CPU.ActiveCfg = Release|Any CPU
		{5607114E-D66A-4680-A70A-FD134D256B9B}.Release|Any CPU.Build.0 = Release|Any CPU
		{61CBB0B8-B3BD-49AD-9882-700158FECED2}.Debug|Any CPU.ActiveCfg = Debug|Any CPU
		{61CBB0B8-B3BD-49AD-9882-700158FECED2}.Debug|Any CPU.Build.0 = Debug|Any CPU
		{61CBB0B8-B3BD-49AD-9882-700158FECED2}.Release|Any CPU.ActiveCfg = Release|Any CPU
		{61CBB0B8-B3BD-49AD-9882-700158FECED2}.Release|Any CPU.Build.0 = Release|Any CPU
	EndGlobalSection
	GlobalSection(SolutionProperties) = preSolution
		HideSolutionNode = FALSE
	EndGlobalSection
	GlobalSection(ExtensibilityGlobals) = postSolution
		SolutionGuid = {0F8208E3-77CD-4C05-868B-421CB76829C5}
	EndGlobalSection
EndGlobal
